
Microsoft Visual Studio Solution File, Format Version 12.00
# Visual Studio Version 16
VisualStudioVersion = 16.0.29306.81
MinimumVisualStudioVersion = 10.0.40219.1
Project("{FAE04EC0-301F-11D3-BF4B-00C04F79EFBC}") = "ReactExample", "ReactExample\ReactExample.csproj", "{89BBCB00-A9A0-4CD9-849F-E7B7EB3527CF}"
EndProject
Global
	GlobalSection(SolutionConfigurationPlatforms) = preSolution
		Debug|Any CPU = Debug|Any CPU
		Release|Any CPU = Release|Any CPU
	EndGlobalSection
	GlobalSection(ProjectConfigurationPlatforms) = postSolution
		{89BBCB00-A9A0-4CD9-849F-E7B7EB3527CF}.Debug|Any CPU.ActiveCfg = Debug|Any CPU
		{89BBCB00-A9A0-4CD9-849F-E7B7EB3527CF}.Debug|Any CPU.Build.0 = Debug|Any CPU
		{89BBCB00-A9A0-4CD9-849F-E7B7EB3527CF}.Release|Any CPU.ActiveCfg = Release|Any CPU
		{89BBCB00-A9A0-4CD9-849F-E7B7EB3527CF}.Release|Any CPU.Build.0 = Release|Any CPU
	EndGlobalSection
	GlobalSection(SolutionProperties) = preSolution
		HideSolutionNode = FALSE
	EndGlobalSection
	GlobalSection(ExtensibilityGlobals) = postSolution
		SolutionGuid = {EA0A55BC-3F1F-4E9D-A0F6-99723030C916}
	EndGlobalSection
EndGlobal
